%{
  "ash": {:hex, :ash, "3.0.11", "49b06de5c533ac46cb820430d5dad9ab9f566881e7a4a400e4ba11620657b1b3", [:mix], [{:comparable, "~> 1.0", [hex: :comparable, repo: "hexpm", optional: false]}, {:decimal, "~> 2.0", [hex: :decimal, repo: "hexpm", optional: false]}, {:ecto, "~> 3.7", [hex: :ecto, repo: "hexpm", optional: false]}, {:ets, "~> 0.8", [hex: :ets, repo: "hexpm", optional: false]}, {:jason, ">= 1.0.0", [hex: :jason, repo: "hexpm", optional: false]}, {:picosat_elixir, "~> 0.2", [hex: :picosat_elixir, repo: "hexpm", optional: true]}, {:plug, ">= 0.0.0", [hex: :plug, repo: "hexpm", optional: true]}, {:reactor, ">= 0.8.1 and < 1.0.0-0", [hex: :reactor, repo: "hexpm", optional: false]}, {:simple_sat, ">= 0.1.1 and < 1.0.0-0", [hex: :simple_sat, repo: "hexpm", optional: true]}, {:spark, ">= 2.1.18 and < 3.0.0-0", [hex: :spark, repo: "hexpm", optional: false]}, {:splode, "~> 0.2", [hex: :splode, repo: "hexpm", optional: false]}, {:stream_data, "~> 1.0", [hex: :stream_data, repo: "hexpm", optional: false]}, {:telemetry, "~> 1.1", [hex: :telemetry, repo: "hexpm", optional: false]}], "hexpm", "89c91c6f4472a199eb4e3e2f835360c85b4fd9a12cc0891c3d6feb6ec4bd4e82"},
  "ash_postgres": {:hex, :ash_postgres, "2.0.8", "0d535aa9dc65ee4e706dc37aac0a10143ac8d768ad8ae476a6d93f2e82d9afe1", [:mix], [{:ash, ">= 3.0.7 and < 4.0.0-0", [hex: :ash, repo: "hexpm", optional: false]}, {:ash_sql, ">= 0.2.3 and < 1.0.0-0", [hex: :ash_sql, repo: "hexpm", optional: false]}, {:ecto, "~> 3.9", [hex: :ecto, repo: "hexpm", optional: false]}, {:ecto_sql, "~> 3.9", [hex: :ecto_sql, repo: "hexpm", optional: false]}, {:jason, "~> 1.0", [hex: :jason, repo: "hexpm", optional: false]}, {:postgrex, ">= 0.0.0", [hex: :postgrex, repo: "hexpm", optional: false]}], "hexpm", "8cb330125058983a702d72d1286587691f7999b846ede4656b8e0a79170f5253"},
  "ash_sql": {:hex, :ash_sql, "0.2.3", "ff2b5e61438f133cc895ed81c1fb76eac05059cd709cb307b9c9a4c9f11ffb5f", [:mix], [{:ash, "~> 3.0", [hex: :ash, repo: "hexpm", optional: false]}, {:ecto, "~> 3.9", [hex: :ecto, repo: "hexpm", optional: false]}, {:ecto_sql, "~> 3.9", [hex: :ecto_sql, repo: "hexpm", optional: false]}], "hexpm", "becbd5e527e33ed49bae7c78513e0136c5a050c143da299b8c0c735e22410c4a"},
  "comparable": {:hex, :comparable, "1.0.0", "bb669e91cedd14ae9937053e5bcbc3c52bb2f22422611f43b6e38367d94a495f", [:mix], [{:typable, "~> 0.1", [hex: :typable, repo: "hexpm", optional: false]}], "hexpm", "277c11eeb1cd726e7cd41c6c199e7e52fa16ee6830b45ad4cdc62e51f62eb60c"},
  "db_connection": {:hex, :db_connection, "2.6.0", "77d835c472b5b67fc4f29556dee74bf511bbafecdcaf98c27d27fa5918152086", [:mix], [{:telemetry, "~> 0.4 or ~> 1.0", [hex: :telemetry, repo: "hexpm", optional: false]}], "hexpm", "c2f992d15725e721ec7fbc1189d4ecdb8afef76648c746a8e1cad35e3b8a35f3"},
  "decimal": {:hex, :decimal, "2.1.1", "5611dca5d4b2c3dd497dec8f68751f1f1a54755e8ed2a966c2633cf885973ad6", [:mix], [], "hexpm", "53cfe5f497ed0e7771ae1a475575603d77425099ba5faef9394932b35020ffcc"},
  "ecto": {:hex, :ecto, "3.11.2", "e1d26be989db350a633667c5cda9c3d115ae779b66da567c68c80cfb26a8c9ee", [:mix], [{:decimal, "~> 2.0", [hex: :decimal, repo: "hexpm", optional: false]}, {:jason, "~> 1.0", [hex: :jason, repo: "hexpm", optional: true]}, {:telemetry, "~> 0.4 or ~> 1.0", [hex: :telemetry, repo: "hexpm", optional: false]}], "hexpm", "3c38bca2c6f8d8023f2145326cc8a80100c3ffe4dcbd9842ff867f7fc6156c65"},
  "ecto_sql": {:hex, :ecto_sql, "3.11.2", "c7cc7f812af571e50b80294dc2e535821b3b795ce8008d07aa5f336591a185a8", [:mix], [{:db_connection, "~> 2.4.1 or ~> 2.5", [hex: :db_connection, repo: "hexpm", optional: false]}, {:ecto, "~> 3.11.0", [hex: :ecto, repo: "hexpm", optional: false]}, {:myxql, "~> 0.6.0", [hex: :myxql, repo: "hexpm", optional: true]}, {:postgrex, "~> 0.16 or ~> 1.0", [hex: :postgrex, repo: "hexpm", optional: true]}, {:tds, "~> 2.1.1 or ~> 2.2", [hex: :tds, repo: "hexpm", optional: true]}, {:telemetry, "~> 0.4.0 or ~> 1.0", [hex: :telemetry, repo: "hexpm", optional: false]}], "hexpm", "73c07f995ac17dbf89d3cfaaf688fcefabcd18b7b004ac63b0dc4ef39499ed6b"},
  "ets": {:hex, :ets, "0.9.0", "79c6a6c205436780486f72d84230c6cba2f8a9920456750ddd1e47389107d5fd", [:mix], [], "hexpm", "2861fdfb04bcaeff370f1a5904eec864f0a56dcfebe5921ea9aadf2a481c822b"},
  "jason": {:hex, :jason, "1.4.1", "af1504e35f629ddcdd6addb3513c3853991f694921b1b9368b0bd32beb9f1b63", [:mix], [{:decimal, "~> 1.0 or ~> 2.0", [hex: :decimal, repo: "hexpm", optional: true]}], "hexpm", "fbb01ecdfd565b56261302f7e1fcc27c4fb8f32d56eab74db621fc154604a7a1"},
  "libgraph": {:hex, :libgraph, "0.16.0", "3936f3eca6ef826e08880230f806bfea13193e49bf153f93edcf0239d4fd1d07", [:mix], [], "hexpm", "41ca92240e8a4138c30a7e06466acc709b0cbb795c643e9e17174a178982d6bf"},
  "postgrex": {:hex, :postgrex, "0.18.0", "f34664101eaca11ff24481ed4c378492fed2ff416cd9b06c399e90f321867d7e", [:mix], [{:db_connection, "~> 2.1", [hex: :db_connection, repo: "hexpm", optional: false]}, {:decimal, "~> 1.5 or ~> 2.0", [hex: :decimal, repo: "hexpm", optional: false]}, {:jason, "~> 1.0", [hex: :jason, repo: "hexpm", optional: true]}, {:table, "~> 0.1.0", [hex: :table, repo: "hexpm", optional: true]}], "hexpm", "a042989ba1bc1cca7383ebb9e461398e3f89f868c92ce6671feb7ef132a252d1"},
  "reactor": {:hex, :reactor, "0.8.4", "344d02ba4a0010763851f4e4aa0ff190ebe7e392e3c27c6cd143dde077b986e7", [:mix], [{:libgraph, "~> 0.16", [hex: :libgraph, repo: "hexpm", optional: false]}, {:spark, "~> 2.0", [hex: :spark, repo: "hexpm", optional: false]}, {:splode, "~> 0.2", [hex: :splode, repo: "hexpm", optional: false]}, {:telemetry, "~> 1.2", [hex: :telemetry, repo: "hexpm", optional: false]}], "hexpm", "49c1fd3c786603cec8140ce941c41c7ea72cc4411860ccdee9876c4ca2204f81"},
  "sourceror": {:hex, :sourceror, "1.2.1", "b415255ad8bd05f0e859bb3d7ea617f6c2a4a405f2a534a231f229bd99b89f8b", [:mix], [], "hexpm", "e4d97087e67584a7585b5fe3d5a71bf8e7332f795dd1a44983d750003d5e750c"},
  "spark": {:hex, :spark, "2.1.24", "fb596da83ee85b83f27f3a98df226869963ec5e423b4137884a6176f332e84ff", [:mix], [{:jason, "~> 1.4", [hex: :jason, repo: "hexpm", optional: false]}, {:sourceror, "~> 1.0", [hex: :sourceror, repo: "hexpm", optional: false]}], "hexpm", "e57f62fe1de1b327c2bfe04473496497edb6817371ba677099389deda38da90d"},
  "splode": {:hex, :splode, "0.2.4", "71046334c39605095ca4bed5d008372e56454060997da14f9868534c17b84b53", [:mix], [], "hexpm", "ca3b95f0d8d4b482b5357954fec857abd0fa3ea509d623334c1328e7382044c2"},
  "stream_data": {:hex, :stream_data, "1.1.1", "fd515ca95619cca83ba08b20f5e814aaf1e5ebff114659dc9731f966c9226246", [:mix], [], "hexpm", "45d0cd46bd06738463fd53f22b70042dbb58c384bb99ef4e7576e7bb7d3b8c8c"},
  "telemetry": {:hex, :telemetry, "1.2.1", "68fdfe8d8f05a8428483a97d7aab2f268aaff24b49e0f599faa091f1d4e7f61c", [:rebar3], [], "hexpm", "dad9ce9d8effc621708f99eac538ef1cbe05d6a874dd741de2e689c47feafed5"},
  "typable": {:hex, :typable, "0.3.0", "0431e121d124cd26f312123e313d2689b9a5322b15add65d424c07779eaa3ca1", [:mix], [], "hexpm", "880a0797752da1a4c508ac48f94711e04c86156f498065a83d160eef945858f8"},
  "uniq": {:hex, :uniq, "0.6.1", "369660ecbc19051be526df3aa85dc393af5f61f45209bce2fa6d7adb051ae03c", [:mix], [{:ecto, "~> 3.0", [hex: :ecto, repo: "hexpm", optional: true]}], "hexpm", "6426c34d677054b3056947125b22e0daafd10367b85f349e24ac60f44effb916"},
}
